
Microsoft Visual Studio Solution File, Format Version 12.00
# Visual Studio Version 17
VisualStudioVersion = 17.0.31903.59
MinimumVisualStudioVersion = 10.0.40219.1
Project("{2150E333-8FDC-42A3-9474-1A3956D46DE8}") = "services", "services", "{BEBC6ED5-7292-4ED9-815D-AA265451AD1E}"
EndProject
Project("{FAE04EC0-301F-11D3-BF4B-00C04F79EFBC}") = "Kathanika.Web", "services\web\Kathanika.Web.csproj", "{CF032E40-1935-480E-8696-CEFC3E9B8235}"
EndProject
Project("{FAE04EC0-301F-11D3-BF4B-00C04F79EFBC}") = "Kathanika.Web.Test", "services\web-test\Kathanika.Web.Test.csproj", "{8396E10E-D9E5-4A5B-84FA-E101978FDC95}"
EndProject
Project("{2150E333-8FDC-42A3-9474-1A3956D46DE8}") = "libs", "libs", "{4CD2E825-2DA9-42A4-B32C-D922188AF3C9}"
EndProject
Project("{2150E333-8FDC-42A3-9474-1A3956D46DE8}") = "server", "server", "{2E18EA76-6C45-4992-8BD9-3B6438E019A2}"
EndProject
Project("{FAE04EC0-301F-11D3-BF4B-00C04F79EFBC}") = "Kathanika.Application", "libs\server\application\Kathanika.Application.csproj", "{09880369-B628-4577-86B2-F0FBC62BB31B}"
EndProject
Project("{FAE04EC0-301F-11D3-BF4B-00C04F79EFBC}") = "Kathanika.Domain", "libs\server\domain\Kathanika.Domain.csproj", "{43672FF0-6610-461A-BA85-7128F4D35E88}"
EndProject
Project("{FAE04EC0-301F-11D3-BF4B-00C04F79EFBC}") = "Kathanika.Application.Test", "libs\server\application-test\Kathanika.Application.Test.csproj", "{071C548D-8748-4E11-A840-DB0865292429}"
EndProject
Project("{FAE04EC0-301F-11D3-BF4B-00C04F79EFBC}") = "Kathanika.Domain.Test", "libs\server\domain-test\Kathanika.Domain.Test.csproj", "{F46F87C8-27B9-4F6A-B42C-457F56106342}"
EndProject
Project("{FAE04EC0-301F-11D3-BF4B-00C04F79EFBC}") = "Kathanika.Graphql", "libs\server\graphql\Kathanika.Graphql.csproj", "{2871CAEF-11A4-4D43-9322-89250A8F7BA6}"
EndProject
Project("{FAE04EC0-301F-11D3-BF4B-00C04F79EFBC}") = "Kathanika.Graphql.Test", "libs\server\graphql-test\Kathanika.Graphql.Test.csproj", "{D57F2E01-A130-49F6-A606-EE4A2D4550D1}"
EndProject
Project("{FAE04EC0-301F-11D3-BF4B-00C04F79EFBC}") = "Kathanika.Persistence", "libs\server\persistence\Kathanika.Persistence.csproj", "{D2A39E92-0AF3-491C-A586-0914B90D652F}"
EndProject
Project("{FAE04EC0-301F-11D3-BF4B-00C04F79EFBC}") = "Kathanika.Persistence.Test", "libs\server\persistence-test\Kathanika.Persistence.Test.csproj", "{2E858D59-D9E9-4B5D-BB14-84DD14F7F616}"
EndProject
Project("{FAE04EC0-301F-11D3-BF4B-00C04F79EFBC}") = "Kathanika.Workers", "libs\server\workers\Kathanika.Workers.csproj", "{B0AFC3B5-C283-4275-8B1B-35C99FD24607}"
EndProject
Project("{FAE04EC0-301F-11D3-BF4B-00C04F79EFBC}") = "Kathanika.Workers.Test", "libs\server\workers-test\Kathanika.Workers.Test.csproj", "{B40D6F02-D0FD-4F1A-A6F9-F75BFFFF35A3}"
EndProject
Global
	GlobalSection(SolutionConfigurationPlatforms) = preSolution
		Debug|Any CPU = Debug|Any CPU
		Release|Any CPU = Release|Any CPU
	EndGlobalSection
	GlobalSection(SolutionProperties) = preSolution
		HideSolutionNode = FALSE
	EndGlobalSection
	GlobalSection(ProjectConfigurationPlatforms) = postSolution
		{CF032E40-1935-480E-8696-CEFC3E9B8235}.Debug|Any CPU.ActiveCfg = Debug|Any CPU
		{CF032E40-1935-480E-8696-CEFC3E9B8235}.Debug|Any CPU.Build.0 = Debug|Any CPU
		{CF032E40-1935-480E-8696-CEFC3E9B8235}.Release|Any CPU.ActiveCfg = Release|Any CPU
		{CF032E40-1935-480E-8696-CEFC3E9B8235}.Release|Any CPU.Build.0 = Release|Any CPU
		{8396E10E-D9E5-4A5B-84FA-E101978FDC95}.Debug|Any CPU.ActiveCfg = Debug|Any CPU
		{8396E10E-D9E5-4A5B-84FA-E101978FDC95}.Debug|Any CPU.Build.0 = Debug|Any CPU
		{8396E10E-D9E5-4A5B-84FA-E101978FDC95}.Release|Any CPU.ActiveCfg = Release|Any CPU
		{8396E10E-D9E5-4A5B-84FA-E101978FDC95}.Release|Any CPU.Build.0 = Release|Any CPU
		{09880369-B628-4577-86B2-F0FBC62BB31B}.Debug|Any CPU.ActiveCfg = Debug|Any CPU
		{09880369-B628-4577-86B2-F0FBC62BB31B}.Debug|Any CPU.Build.0 = Debug|Any CPU
		{09880369-B628-4577-86B2-F0FBC62BB31B}.Release|Any CPU.ActiveCfg = Release|Any CPU
		{09880369-B628-4577-86B2-F0FBC62BB31B}.Release|Any CPU.Build.0 = Release|Any CPU
		{43672FF0-6610-461A-BA85-7128F4D35E88}.Debug|Any CPU.ActiveCfg = Debug|Any CPU
		{43672FF0-6610-461A-BA85-7128F4D35E88}.Debug|Any CPU.Build.0 = Debug|Any CPU
		{43672FF0-6610-461A-BA85-7128F4D35E88}.Release|Any CPU.ActiveCfg = Release|Any CPU
		{43672FF0-6610-461A-BA85-7128F4D35E88}.Release|Any CPU.Build.0 = Release|Any CPU
		{071C548D-8748-4E11-A840-DB0865292429}.Debug|Any CPU.ActiveCfg = Debug|Any CPU
		{071C548D-8748-4E11-A840-DB0865292429}.Debug|Any CPU.Build.0 = Debug|Any CPU
		{071C548D-8748-4E11-A840-DB0865292429}.Release|Any CPU.ActiveCfg = Release|Any CPU
		{071C548D-8748-4E11-A840-DB0865292429}.Release|Any CPU.Build.0 = Release|Any CPU
		{F46F87C8-27B9-4F6A-B42C-457F56106342}.Debug|Any CPU.ActiveCfg = Debug|Any CPU
		{F46F87C8-27B9-4F6A-B42C-457F56106342}.Debug|Any CPU.Build.0 = Debug|Any CPU
		{F46F87C8-27B9-4F6A-B42C-457F56106342}.Release|Any CPU.ActiveCfg = Release|Any CPU
		{F46F87C8-27B9-4F6A-B42C-457F56106342}.Release|Any CPU.Build.0 = Release|Any CPU
		{2871CAEF-11A4-4D43-9322-89250A8F7BA6}.Debug|Any CPU.ActiveCfg = Debug|Any CPU
		{2871CAEF-11A4-4D43-9322-89250A8F7BA6}.Debug|Any CPU.Build.0 = Debug|Any CPU
		{2871CAEF-11A4-4D43-9322-89250A8F7BA6}.Release|Any CPU.ActiveCfg = Release|Any CPU
		{2871CAEF-11A4-4D43-9322-89250A8F7BA6}.Release|Any CPU.Build.0 = Release|Any CPU
		{D57F2E01-A130-49F6-A606-EE4A2D4550D1}.Debug|Any CPU.ActiveCfg = Debug|Any CPU
		{D57F2E01-A130-49F6-A606-EE4A2D4550D1}.Debug|Any CPU.Build.0 = Debug|Any CPU
		{D57F2E01-A130-49F6-A606-EE4A2D4550D1}.Release|Any CPU.ActiveCfg = Release|Any CPU
		{D57F2E01-A130-49F6-A606-EE4A2D4550D1}.Release|Any CPU.Build.0 = Release|Any CPU
		{D2A39E92-0AF3-491C-A586-0914B90D652F}.Debug|Any CPU.ActiveCfg = Debug|Any CPU
		{D2A39E92-0AF3-491C-A586-0914B90D652F}.Debug|Any CPU.Build.0 = Debug|Any CPU
		{D2A39E92-0AF3-491C-A586-0914B90D652F}.Release|Any CPU.ActiveCfg = Release|Any CPU
		{D2A39E92-0AF3-491C-A586-0914B90D652F}.Release|Any CPU.Build.0 = Release|Any CPU
		{2E858D59-D9E9-4B5D-BB14-84DD14F7F616}.Debug|Any CPU.ActiveCfg = Debug|Any CPU
		{2E858D59-D9E9-4B5D-BB14-84DD14F7F616}.Debug|Any CPU.Build.0 = Debug|Any CPU
		{2E858D59-D9E9-4B5D-BB14-84DD14F7F616}.Release|Any CPU.ActiveCfg = Release|Any CPU
		{2E858D59-D9E9-4B5D-BB14-84DD14F7F616}.Release|Any CPU.Build.0 = Release|Any CPU
		{B0AFC3B5-C283-4275-8B1B-35C99FD24607}.Debug|Any CPU.ActiveCfg = Debug|Any CPU
		{B0AFC3B5-C283-4275-8B1B-35C99FD24607}.Debug|Any CPU.Build.0 = Debug|Any CPU
		{B0AFC3B5-C283-4275-8B1B-35C99FD24607}.Release|Any CPU.ActiveCfg = Release|Any CPU
		{B0AFC3B5-C283-4275-8B1B-35C99FD24607}.Release|Any CPU.Build.0 = Release|Any CPU
		{B40D6F02-D0FD-4F1A-A6F9-F75BFFFF35A3}.Debug|Any CPU.ActiveCfg = Debug|Any CPU
		{B40D6F02-D0FD-4F1A-A6F9-F75BFFFF35A3}.Debug|Any CPU.Build.0 = Debug|Any CPU
		{B40D6F02-D0FD-4F1A-A6F9-F75BFFFF35A3}.Release|Any CPU.ActiveCfg = Release|Any CPU
		{B40D6F02-D0FD-4F1A-A6F9-F75BFFFF35A3}.Release|Any CPU.Build.0 = Release|Any CPU
	EndGlobalSection
	GlobalSection(NestedProjects) = preSolution
		{CF032E40-1935-480E-8696-CEFC3E9B8235} = {BEBC6ED5-7292-4ED9-815D-AA265451AD1E}
		{8396E10E-D9E5-4A5B-84FA-E101978FDC95} = {BEBC6ED5-7292-4ED9-815D-AA265451AD1E}
		{2E18EA76-6C45-4992-8BD9-3B6438E019A2} = {4CD2E825-2DA9-42A4-B32C-D922188AF3C9}
		{09880369-B628-4577-86B2-F0FBC62BB31B} = {2E18EA76-6C45-4992-8BD9-3B6438E019A2}
		{43672FF0-6610-461A-BA85-7128F4D35E88} = {2E18EA76-6C45-4992-8BD9-3B6438E019A2}
		{071C548D-8748-4E11-A840-DB0865292429} = {2E18EA76-6C45-4992-8BD9-3B6438E019A2}
		{F46F87C8-27B9-4F6A-B42C-457F56106342} = {2E18EA76-6C45-4992-8BD9-3B6438E019A2}
		{2871CAEF-11A4-4D43-9322-89250A8F7BA6} = {2E18EA76-6C45-4992-8BD9-3B6438E019A2}
		{D57F2E01-A130-49F6-A606-EE4A2D4550D1} = {2E18EA76-6C45-4992-8BD9-3B6438E019A2}
		{D2A39E92-0AF3-491C-A586-0914B90D652F} = {2E18EA76-6C45-4992-8BD9-3B6438E019A2}
		{2E858D59-D9E9-4B5D-BB14-84DD14F7F616} = {2E18EA76-6C45-4992-8BD9-3B6438E019A2}
		{B0AFC3B5-C283-4275-8B1B-35C99FD24607} = {2E18EA76-6C45-4992-8BD9-3B6438E019A2}
		{B40D6F02-D0FD-4F1A-A6F9-F75BFFFF35A3} = {2E18EA76-6C45-4992-8BD9-3B6438E019A2}
	EndGlobalSection
EndGlobal
