
Microsoft Visual Studio Solution File, Format Version 12.00
Project("{2150E333-8FDC-42A3-9474-1A3956D46DE8}") = "src", "src", "{A7FF2E45-3CB0-4973-BE58-ECED844C1DBA}"
EndProject
Project("{2150E333-8FDC-42A3-9474-1A3956D46DE8}") = "services", "services", "{23524380-B5D8-42CD-B09B-99496AB1DA44}"
EndProject
Project("{2150E333-8FDC-42A3-9474-1A3956D46DE8}") = "core", "core", "{56E29827-9489-4F7A-8204-384D3629FAD0}"
EndProject
Project("{2150E333-8FDC-42A3-9474-1A3956D46DE8}") = "infrastructure", "infrastructure", "{38AE12B2-8DF5-4535-9380-84699AAB5CB0}"
EndProject
Project("{2150E333-8FDC-42A3-9474-1A3956D46DE8}") = "tests", "tests", "{38F729CC-C4D2-4913-951F-73D8BB4E20AB}"
EndProject
Project("{FAE04EC0-301F-11D3-BF4B-00C04F79EFBC}") = "Kathanika.Domain", "src\core\Kathanika.Domain\Kathanika.Domain.csproj", "{B4722E06-E1FC-47B4-99F0-A6D836CF111D}"
EndProject
Project("{FAE04EC0-301F-11D3-BF4B-00C04F79EFBC}") = "Kathanika.Application", "src\core\Kathanika.Application\Kathanika.Application.csproj", "{9EAC28B7-8E0F-4C85-AEF1-D2F625005EF6}"
EndProject
Project("{FAE04EC0-301F-11D3-BF4B-00C04F79EFBC}") = "Kathanika.Infrastructure.Graphql", "src\infrastructure\Kathanika.Infrastructure.Graphql\Kathanika.Infrastructure.Graphql.csproj", "{690B953D-7C11-4B4E-A230-5C69BE40BF42}"
EndProject
Project("{FAE04EC0-301F-11D3-BF4B-00C04F79EFBC}") = "Kathanika.Infrastructure.Persistence", "src\infrastructure\Kathanika.Infrastructure.Persistence\Kathanika.Infrastructure.Persistence.csproj", "{0281B598-BFF1-4BE3-BA50-DAC22AC91610}"
EndProject
Project("{FAE04EC0-301F-11D3-BF4B-00C04F79EFBC}") = "Kathanika.Infrastructure.Workers", "src\infrastructure\Kathanika.Infrastructure.Workers\Kathanika.Infrastructure.Workers.csproj", "{EF34C72C-2C7C-4173-A7DE-904F95A93945}"
EndProject
Project("{FAE04EC0-301F-11D3-BF4B-00C04F79EFBC}") = "Kathanika.Web", "src\services\Kathanika.Web\Kathanika.Web.csproj", "{087F5945-174A-47EE-AD71-7630A6BBD71A}"
EndProject
Project("{FAE04EC0-301F-11D3-BF4B-00C04F79EFBC}") = "Kathanika.Domain.Tests", "tests\Kathanika.Domain.Tests\Kathanika.Domain.Tests.csproj", "{4AE2CCAD-4C53-4256-B86C-47CE2BA545E3}"
EndProject
Project("{FAE04EC0-301F-11D3-BF4B-00C04F79EFBC}") = "Kathanika.Application.Tests", "tests\Kathanika.Application.Tests\Kathanika.Application.Tests.csproj", "{F7BFB991-5FBC-4FBC-AFF4-20F70BB394B4}"
EndProject
Project("{FAE04EC0-301F-11D3-BF4B-00C04F79EFBC}") = "Kathanika.Infrastructure.Graphql.Tests", "tests\Kathanika.Infrastructure.Graphql.Tests\Kathanika.Infrastructure.Graphql.Tests.csproj", "{B8971D8D-29FB-4634-91F3-664378608028}"
EndProject
Project("{FAE04EC0-301F-11D3-BF4B-00C04F79EFBC}") = "Kathanika.Infrastructure.Persistence.Tests", "tests\Kathanika.Infrastructure.Persistence.Tests\Kathanika.Infrastructure.Persistence.Tests.csproj", "{1EF41C47-4985-4DEA-92E3-03AF7D4B3125}"
EndProject
Project("{FAE04EC0-301F-11D3-BF4B-00C04F79EFBC}") = "Kathanika.Infrastructure.Workers.Tests", "tests\Kathanika.Infrastructure.Workers.Tests\Kathanika.Infrastructure.Workers.Tests.csproj", "{600099BE-4EF4-4DC1-A6CF-B033C58AF6D3}"
EndProject
Project("{FAE04EC0-301F-11D3-BF4B-00C04F79EFBC}") = "Kathanika.Web.Tests", "tests\Kathanika.Web.Tests\Kathanika.Web.Tests.csproj", "{AC2FA64E-3AE0-499A-8AF6-83EF86CEEB07}"
EndProject
Global
	GlobalSection(SolutionConfigurationPlatforms) = preSolution
		Debug|Any CPU = Debug|Any CPU
		Release|Any CPU = Release|Any CPU
	EndGlobalSection
	GlobalSection(NestedProjects) = preSolution
		{23524380-B5D8-42CD-B09B-99496AB1DA44} = {A7FF2E45-3CB0-4973-BE58-ECED844C1DBA}
		{56E29827-9489-4F7A-8204-384D3629FAD0} = {A7FF2E45-3CB0-4973-BE58-ECED844C1DBA}
		{38AE12B2-8DF5-4535-9380-84699AAB5CB0} = {A7FF2E45-3CB0-4973-BE58-ECED844C1DBA}
		{B4722E06-E1FC-47B4-99F0-A6D836CF111D} = {56E29827-9489-4F7A-8204-384D3629FAD0}
		{9EAC28B7-8E0F-4C85-AEF1-D2F625005EF6} = {56E29827-9489-4F7A-8204-384D3629FAD0}
		{690B953D-7C11-4B4E-A230-5C69BE40BF42} = {38AE12B2-8DF5-4535-9380-84699AAB5CB0}
		{0281B598-BFF1-4BE3-BA50-DAC22AC91610} = {38AE12B2-8DF5-4535-9380-84699AAB5CB0}
		{EF34C72C-2C7C-4173-A7DE-904F95A93945} = {38AE12B2-8DF5-4535-9380-84699AAB5CB0}
		{087F5945-174A-47EE-AD71-7630A6BBD71A} = {23524380-B5D8-42CD-B09B-99496AB1DA44}
		{4AE2CCAD-4C53-4256-B86C-47CE2BA545E3} = {38F729CC-C4D2-4913-951F-73D8BB4E20AB}
		{F7BFB991-5FBC-4FBC-AFF4-20F70BB394B4} = {38F729CC-C4D2-4913-951F-73D8BB4E20AB}
		{B8971D8D-29FB-4634-91F3-664378608028} = {38F729CC-C4D2-4913-951F-73D8BB4E20AB}
		{1EF41C47-4985-4DEA-92E3-03AF7D4B3125} = {38F729CC-C4D2-4913-951F-73D8BB4E20AB}
		{600099BE-4EF4-4DC1-A6CF-B033C58AF6D3} = {38F729CC-C4D2-4913-951F-73D8BB4E20AB}
		{AC2FA64E-3AE0-499A-8AF6-83EF86CEEB07} = {38F729CC-C4D2-4913-951F-73D8BB4E20AB}
	EndGlobalSection
	GlobalSection(ProjectConfigurationPlatforms) = postSolution
		{B4722E06-E1FC-47B4-99F0-A6D836CF111D}.Debug|Any CPU.ActiveCfg = Debug|Any CPU
		{B4722E06-E1FC-47B4-99F0-A6D836CF111D}.Debug|Any CPU.Build.0 = Debug|Any CPU
		{B4722E06-E1FC-47B4-99F0-A6D836CF111D}.Release|Any CPU.ActiveCfg = Release|Any CPU
		{B4722E06-E1FC-47B4-99F0-A6D836CF111D}.Release|Any CPU.Build.0 = Release|Any CPU
		{9EAC28B7-8E0F-4C85-AEF1-D2F625005EF6}.Debug|Any CPU.ActiveCfg = Debug|Any CPU
		{9EAC28B7-8E0F-4C85-AEF1-D2F625005EF6}.Debug|Any CPU.Build.0 = Debug|Any CPU
		{9EAC28B7-8E0F-4C85-AEF1-D2F625005EF6}.Release|Any CPU.ActiveCfg = Release|Any CPU
		{9EAC28B7-8E0F-4C85-AEF1-D2F625005EF6}.Release|Any CPU.Build.0 = Release|Any CPU
		{690B953D-7C11-4B4E-A230-5C69BE40BF42}.Debug|Any CPU.ActiveCfg = Debug|Any CPU
		{690B953D-7C11-4B4E-A230-5C69BE40BF42}.Debug|Any CPU.Build.0 = Debug|Any CPU
		{690B953D-7C11-4B4E-A230-5C69BE40BF42}.Release|Any CPU.ActiveCfg = Release|Any CPU
		{690B953D-7C11-4B4E-A230-5C69BE40BF42}.Release|Any CPU.Build.0 = Release|Any CPU
		{0281B598-BFF1-4BE3-BA50-DAC22AC91610}.Debug|Any CPU.ActiveCfg = Debug|Any CPU
		{0281B598-BFF1-4BE3-BA50-DAC22AC91610}.Debug|Any CPU.Build.0 = Debug|Any CPU
		{0281B598-BFF1-4BE3-BA50-DAC22AC91610}.Release|Any CPU.ActiveCfg = Release|Any CPU
		{0281B598-BFF1-4BE3-BA50-DAC22AC91610}.Release|Any CPU.Build.0 = Release|Any CPU
		{EF34C72C-2C7C-4173-A7DE-904F95A93945}.Debug|Any CPU.ActiveCfg = Debug|Any CPU
		{EF34C72C-2C7C-4173-A7DE-904F95A93945}.Debug|Any CPU.Build.0 = Debug|Any CPU
		{EF34C72C-2C7C-4173-A7DE-904F95A93945}.Release|Any CPU.ActiveCfg = Release|Any CPU
		{EF34C72C-2C7C-4173-A7DE-904F95A93945}.Release|Any CPU.Build.0 = Release|Any CPU
		{087F5945-174A-47EE-AD71-7630A6BBD71A}.Debug|Any CPU.ActiveCfg = Debug|Any CPU
		{087F5945-174A-47EE-AD71-7630A6BBD71A}.Debug|Any CPU.Build.0 = Debug|Any CPU
		{087F5945-174A-47EE-AD71-7630A6BBD71A}.Release|Any CPU.ActiveCfg = Release|Any CPU
		{087F5945-174A-47EE-AD71-7630A6BBD71A}.Release|Any CPU.Build.0 = Release|Any CPU
		{4AE2CCAD-4C53-4256-B86C-47CE2BA545E3}.Debug|Any CPU.ActiveCfg = Debug|Any CPU
		{4AE2CCAD-4C53-4256-B86C-47CE2BA545E3}.Debug|Any CPU.Build.0 = Debug|Any CPU
		{4AE2CCAD-4C53-4256-B86C-47CE2BA545E3}.Release|Any CPU.ActiveCfg = Release|Any CPU
		{4AE2CCAD-4C53-4256-B86C-47CE2BA545E3}.Release|Any CPU.Build.0 = Release|Any CPU
		{F7BFB991-5FBC-4FBC-AFF4-20F70BB394B4}.Debug|Any CPU.ActiveCfg = Debug|Any CPU
		{F7BFB991-5FBC-4FBC-AFF4-20F70BB394B4}.Debug|Any CPU.Build.0 = Debug|Any CPU
		{F7BFB991-5FBC-4FBC-AFF4-20F70BB394B4}.Release|Any CPU.ActiveCfg = Release|Any CPU
		{F7BFB991-5FBC-4FBC-AFF4-20F70BB394B4}.Release|Any CPU.Build.0 = Release|Any CPU
		{B8971D8D-29FB-4634-91F3-664378608028}.Debug|Any CPU.ActiveCfg = Debug|Any CPU
		{B8971D8D-29FB-4634-91F3-664378608028}.Debug|Any CPU.Build.0 = Debug|Any CPU
		{B8971D8D-29FB-4634-91F3-664378608028}.Release|Any CPU.ActiveCfg = Release|Any CPU
		{B8971D8D-29FB-4634-91F3-664378608028}.Release|Any CPU.Build.0 = Release|Any CPU
		{1EF41C47-4985-4DEA-92E3-03AF7D4B3125}.Debug|Any CPU.ActiveCfg = Debug|Any CPU
		{1EF41C47-4985-4DEA-92E3-03AF7D4B3125}.Debug|Any CPU.Build.0 = Debug|Any CPU
		{1EF41C47-4985-4DEA-92E3-03AF7D4B3125}.Release|Any CPU.ActiveCfg = Release|Any CPU
		{1EF41C47-4985-4DEA-92E3-03AF7D4B3125}.Release|Any CPU.Build.0 = Release|Any CPU
		{600099BE-4EF4-4DC1-A6CF-B033C58AF6D3}.Debug|Any CPU.ActiveCfg = Debug|Any CPU
		{600099BE-4EF4-4DC1-A6CF-B033C58AF6D3}.Debug|Any CPU.Build.0 = Debug|Any CPU
		{600099BE-4EF4-4DC1-A6CF-B033C58AF6D3}.Release|Any CPU.ActiveCfg = Release|Any CPU
		{600099BE-4EF4-4DC1-A6CF-B033C58AF6D3}.Release|Any CPU.Build.0 = Release|Any CPU
		{AC2FA64E-3AE0-499A-8AF6-83EF86CEEB07}.Debug|Any CPU.ActiveCfg = Debug|Any CPU
		{AC2FA64E-3AE0-499A-8AF6-83EF86CEEB07}.Debug|Any CPU.Build.0 = Debug|Any CPU
		{AC2FA64E-3AE0-499A-8AF6-83EF86CEEB07}.Release|Any CPU.ActiveCfg = Release|Any CPU
		{AC2FA64E-3AE0-499A-8AF6-83EF86CEEB07}.Release|Any CPU.Build.0 = Release|Any CPU
	EndGlobalSection
EndGlobal
