
Microsoft Visual Studio Solution File, Format Version 12.00
# Visual Studio Version 17
VisualStudioVersion = 17.0.31903.59
MinimumVisualStudioVersion = 10.0.40219.1
Project("{FAE04EC0-301F-11D3-BF4B-00C04F79EFBC}") = "Kathanika.Domain", "Domain\Kathanika.Domain.csproj", "{052CB80B-9380-4EA7-8959-DB3B1168E97D}"
EndProject
Project("{FAE04EC0-301F-11D3-BF4B-00C04F79EFBC}") = "Kathanika.Application", "Application\Kathanika.Application.csproj", "{C4881B23-AE61-43EB-98E8-2FA656AE57CA}"
EndProject
Project("{FAE04EC0-301F-11D3-BF4B-00C04F79EFBC}") = "Kathanika.Infrastructure.GraphQL", "Infrastructure.GraphQL\Kathanika.Infrastructure.GraphQL.csproj", "{299F8247-4541-4F53-9D7D-6F3CA3E71F13}"
EndProject
Project("{FAE04EC0-301F-11D3-BF4B-00C04F79EFBC}") = "Kathanika.Infrastructure.Persistence", "Infrastructure.Persistence\Kathanika.Infrastructure.Persistence.csproj", "{77B86770-8DE1-4EFE-9AFC-4495F96FA57D}"
EndProject
Project("{FAE04EC0-301F-11D3-BF4B-00C04F79EFBC}") = "Kathanika.Web", "Web\Kathanika.Web.csproj", "{6D27D8DA-1766-4936-855B-C274106C6F31}"
EndProject
Project("{FAE04EC0-301F-11D3-BF4B-00C04F79EFBC}") = "Kathanika.Tests", "Tests\Kathanika.Tests.csproj", "{5810CB51-2D63-4ECE-94F5-98E93BB33505}"
EndProject
Global
	GlobalSection(SolutionConfigurationPlatforms) = preSolution
		Debug|Any CPU = Debug|Any CPU
		Release|Any CPU = Release|Any CPU
	EndGlobalSection
	GlobalSection(SolutionProperties) = preSolution
		HideSolutionNode = FALSE
	EndGlobalSection
	GlobalSection(ProjectConfigurationPlatforms) = postSolution
		{052CB80B-9380-4EA7-8959-DB3B1168E97D}.Debug|Any CPU.ActiveCfg = Debug|Any CPU
		{052CB80B-9380-4EA7-8959-DB3B1168E97D}.Debug|Any CPU.Build.0 = Debug|Any CPU
		{052CB80B-9380-4EA7-8959-DB3B1168E97D}.Release|Any CPU.ActiveCfg = Release|Any CPU
		{052CB80B-9380-4EA7-8959-DB3B1168E97D}.Release|Any CPU.Build.0 = Release|Any CPU
		{C4881B23-AE61-43EB-98E8-2FA656AE57CA}.Debug|Any CPU.ActiveCfg = Debug|Any CPU
		{C4881B23-AE61-43EB-98E8-2FA656AE57CA}.Debug|Any CPU.Build.0 = Debug|Any CPU
		{C4881B23-AE61-43EB-98E8-2FA656AE57CA}.Release|Any CPU.ActiveCfg = Release|Any CPU
		{C4881B23-AE61-43EB-98E8-2FA656AE57CA}.Release|Any CPU.Build.0 = Release|Any CPU
		{299F8247-4541-4F53-9D7D-6F3CA3E71F13}.Debug|Any CPU.ActiveCfg = Debug|Any CPU
		{299F8247-4541-4F53-9D7D-6F3CA3E71F13}.Debug|Any CPU.Build.0 = Debug|Any CPU
		{299F8247-4541-4F53-9D7D-6F3CA3E71F13}.Release|Any CPU.ActiveCfg = Release|Any CPU
		{299F8247-4541-4F53-9D7D-6F3CA3E71F13}.Release|Any CPU.Build.0 = Release|Any CPU
		{77B86770-8DE1-4EFE-9AFC-4495F96FA57D}.Debug|Any CPU.ActiveCfg = Debug|Any CPU
		{77B86770-8DE1-4EFE-9AFC-4495F96FA57D}.Debug|Any CPU.Build.0 = Debug|Any CPU
		{77B86770-8DE1-4EFE-9AFC-4495F96FA57D}.Release|Any CPU.ActiveCfg = Release|Any CPU
		{77B86770-8DE1-4EFE-9AFC-4495F96FA57D}.Release|Any CPU.Build.0 = Release|Any CPU
		{6D27D8DA-1766-4936-855B-C274106C6F31}.Debug|Any CPU.ActiveCfg = Debug|Any CPU
		{6D27D8DA-1766-4936-855B-C274106C6F31}.Debug|Any CPU.Build.0 = Debug|Any CPU
		{6D27D8DA-1766-4936-855B-C274106C6F31}.Release|Any CPU.ActiveCfg = Release|Any CPU
		{6D27D8DA-1766-4936-855B-C274106C6F31}.Release|Any CPU.Build.0 = Release|Any CPU
		{5810CB51-2D63-4ECE-94F5-98E93BB33505}.Debug|Any CPU.ActiveCfg = Debug|Any CPU
		{5810CB51-2D63-4ECE-94F5-98E93BB33505}.Debug|Any CPU.Build.0 = Debug|Any CPU
		{5810CB51-2D63-4ECE-94F5-98E93BB33505}.Release|Any CPU.ActiveCfg = Release|Any CPU
		{5810CB51-2D63-4ECE-94F5-98E93BB33505}.Release|Any CPU.Build.0 = Release|Any CPU
	EndGlobalSection
EndGlobal
